
Microsoft Visual Studio Solution File, Format Version 11.00
# Visual Studio 2010
Project("{8BC9CEB8-8B4A-11D0-8D11-00A0C91BC942}") = "AGLFramework", "AGLFramework\AGLFramework.vcxproj", "{4749A0FF-5B6B-4DE6-8CB5-2A1777DBEC69}"
EndProject
Global
	GlobalSection(SolutionConfigurationPlatforms) = preSolution
		Debug|Win32 = Debug|Win32
		Release|Win32 = Release|Win32
	EndGlobalSection
	GlobalSection(ProjectConfigurationPlatforms) = postSolution
		{4749A0FF-5B6B-4DE6-8CB5-2A1777DBEC69}.Debug|Win32.ActiveCfg = Debug|Win32
		{4749A0FF-5B6B-4DE6-8CB5-2A1777DBEC69}.Debug|Win32.Build.0 = Debug|Win32
		{4749A0FF-5B6B-4DE6-8CB5-2A1777DBEC69}.Release|Win32.ActiveCfg = Release|Win32
		{4749A0FF-5B6B-4DE6-8CB5-2A1777DBEC69}.Release|Win32.Build.0 = Release|Win32
	EndGlobalSection
	GlobalSection(SolutionProperties) = preSolution
		HideSolutionNode = FALSE
	EndGlobalSection
EndGlobal
